
Microsoft Visual Studio Solution File, Format Version 12.00
# Visual Studio Version 16
VisualStudioVersion = 16.0.31515.178
MinimumVisualStudioVersion = 10.0.40219.1
Project("{FAE04EC0-301F-11D3-BF4B-00C04F79EFBC}") = "Rolling", "Rolling\Rolling.csproj", "{09715CB1-18E3-44AD-9DB3-691F866A7A64}"
EndProject
Global
	GlobalSection(SolutionConfigurationPlatforms) = preSolution
		Debug|Any CPU = Debug|Any CPU
		Debug|x86 = Debug|x86
		Release|Any CPU = Release|Any CPU
		Release|x86 = Release|x86
	EndGlobalSection
	GlobalSection(ProjectConfigurationPlatforms) = postSolution
		{09715CB1-18E3-44AD-9DB3-691F866A7A64}.Debug|Any CPU.ActiveCfg = Debug|Any CPU
		{09715CB1-18E3-44AD-9DB3-691F866A7A64}.Debug|Any CPU.Build.0 = Debug|Any CPU
		{09715CB1-18E3-44AD-9DB3-691F866A7A64}.Debug|x86.ActiveCfg = Debug|x86
		{09715CB1-18E3-44AD-9DB3-691F866A7A64}.Debug|x86.Build.0 = Debug|x86
		{09715CB1-18E3-44AD-9DB3-691F866A7A64}.Release|Any CPU.ActiveCfg = Release|Any CPU
		{09715CB1-18E3-44AD-9DB3-691F866A7A64}.Release|Any CPU.Build.0 = Release|Any CPU
		{09715CB1-18E3-44AD-9DB3-691F866A7A64}.Release|x86.ActiveCfg = Release|x86
		{09715CB1-18E3-44AD-9DB3-691F866A7A64}.Release|x86.Build.0 = Release|x86
	EndGlobalSection
	GlobalSection(SolutionProperties) = preSolution
		HideSolutionNode = FALSE
	EndGlobalSection
	GlobalSection(ExtensibilityGlobals) = postSolution
		SolutionGuid = {30B3BEB2-18AB-4957-9885-04C031E917AF}
	EndGlobalSection
EndGlobal
